
Microsoft Visual Studio Solution File, Format Version 12.00
# Visual Studio Version 17
VisualStudioVersion = 17.10.34928.147
MinimumVisualStudioVersion = 10.0.40219.1
Project("{9A19103F-16F7-4668-BE54-9A1E7A4F7556}") = "JeanEdwardTask.API", "JeanEdwardTask\JeanEdwardTask.API.csproj", "{BED8BA50-0F20-44B0-A74D-8514BF864754}"
EndProject
Project("{FAE04EC0-301F-11D3-BF4B-00C04F79EFBC}") = "JeanEdwardTask.Test", "JeanEdwards.Test\JeanEdwardTask.Test.csproj", "{9FF93D04-42DD-4171-A87A-E0C3E4538FF4}"
EndProject
Project("{2150E333-8FDC-42A3-9474-1A3956D46DE8}") = "Solution Items", "Solution Items", "{24E03641-D065-4F72-A1F8-4E7291C5195D}"
	ProjectSection(SolutionItems) = preProject
		.gitignore = .gitignore
	EndProjectSection
EndProject
Global
	GlobalSection(SolutionConfigurationPlatforms) = preSolution
		Debug|Any CPU = Debug|Any CPU
		Release|Any CPU = Release|Any CPU
	EndGlobalSection
	GlobalSection(ProjectConfigurationPlatforms) = postSolution
		{BED8BA50-0F20-44B0-A74D-8514BF864754}.Debug|Any CPU.ActiveCfg = Debug|Any CPU
		{BED8BA50-0F20-44B0-A74D-8514BF864754}.Debug|Any CPU.Build.0 = Debug|Any CPU
		{BED8BA50-0F20-44B0-A74D-8514BF864754}.Release|Any CPU.ActiveCfg = Release|Any CPU
		{BED8BA50-0F20-44B0-A74D-8514BF864754}.Release|Any CPU.Build.0 = Release|Any CPU
		{9FF93D04-42DD-4171-A87A-E0C3E4538FF4}.Debug|Any CPU.ActiveCfg = Debug|Any CPU
		{9FF93D04-42DD-4171-A87A-E0C3E4538FF4}.Debug|Any CPU.Build.0 = Debug|Any CPU
		{9FF93D04-42DD-4171-A87A-E0C3E4538FF4}.Release|Any CPU.ActiveCfg = Release|Any CPU
		{9FF93D04-42DD-4171-A87A-E0C3E4538FF4}.Release|Any CPU.Build.0 = Release|Any CPU
	EndGlobalSection
	GlobalSection(SolutionProperties) = preSolution
		HideSolutionNode = FALSE
	EndGlobalSection
	GlobalSection(ExtensibilityGlobals) = postSolution
		SolutionGuid = {0846FC1E-8039-4423-8233-FD2F60E288DE}
	EndGlobalSection
EndGlobal
